
Microsoft Visual Studio Solution File, Format Version 12.00
# Visual Studio Version 17
VisualStudioVersion = 17.14.36429.23
MinimumVisualStudioVersion = 10.0.40219.1
Project("{2150E333-8FDC-42A3-9474-1A3956D46DE8}") = "src", "src", "{827E0CD3-B72D-47B6-A68D-7590B98EB39B}"
EndProject
Project("{FAE04EC0-301F-11D3-BF4B-00C04F79EFBC}") = "M365Trace.Core", "src\M365Trace.Core\M365Trace.Core.csproj", "{35C74EFE-01ED-40A5-BDA7-72EB1B467EDF}"
EndProject
Project("{FAE04EC0-301F-11D3-BF4B-00C04F79EFBC}") = "M365Trace.Import.Har", "src\M365Trace.Import.Har\M365Trace.Import.Har.csproj", "{6515F6EF-BF8E-4A99-ABDD-E62FE983E551}"
EndProject
Project("{FAE04EC0-301F-11D3-BF4B-00C04F79EFBC}") = "M365Trace.Rules", "src\M365Trace.Rules\M365Trace.Rules.csproj", "{90827EEB-A2D5-4D9B-9CA6-622F08391F49}"
EndProject
Project("{FAE04EC0-301F-11D3-BF4B-00C04F79EFBC}") = "M365Trace.Web", "src\M365Trace.Web\M365Trace.Web.csproj", "{45CB75A1-8D58-4BC4-8C42-2FB730775685}"
EndProject
Project("{2150E333-8FDC-42A3-9474-1A3956D46DE8}") = "tests", "tests", "{0AB3BF05-4346-4AA6-1389-037BE0695223}"
EndProject
Project("{FAE04EC0-301F-11D3-BF4B-00C04F79EFBC}") = "M365Trace.Import.Har.Tests", "tests\M365Trace.Import.Har.Tests\M365Trace.Import.Har.Tests.csproj", "{420C9B22-77EA-41D8-AAF5-3831F2D6B1C7}"
EndProject
Project("{FAE04EC0-301F-11D3-BF4B-00C04F79EFBC}") = "M365Trace.Rules.Tests", "tests\M365Trace.Rules.Tests\M365Trace.Rules.Tests.csproj", "{2AEB39FD-ACCA-4257-87CD-6E7BF95BACAA}"
EndProject
Project("{FAE04EC0-301F-11D3-BF4B-00C04F79EFBC}") = "M365Trace.Import.Saz", "src\M365Trace.Import.Saz\M365Trace.Import.Saz.csproj", "{91464A54-21CB-4033-A702-D85488122A7B}"
EndProject
Project("{FAE04EC0-301F-11D3-BF4B-00C04F79EFBC}") = "M365Trace.Import.Saz.Tests", "tests\M365Trace.Import.Saz.Tests\M365Trace.Import.Saz.Tests.csproj", "{53260AD4-75E3-4B97-9CAB-CE27C2FCA094}"
EndProject
Global
	GlobalSection(SolutionConfigurationPlatforms) = preSolution
		Debug|ARM64 = Debug|ARM64
		Debug|x64 = Debug|x64
		Debug|x86 = Debug|x86
		Debug|Any CPU = Debug|Any CPU
		Release|ARM64 = Release|ARM64
		Release|x64 = Release|x64
		Release|x86 = Release|x86
		Release|Any CPU = Release|Any CPU
	EndGlobalSection
	GlobalSection(ProjectConfigurationPlatforms) = postSolution
		{35C74EFE-01ED-40A5-BDA7-72EB1B467EDF}.Debug|ARM64.ActiveCfg = Debug|Any CPU
		{35C74EFE-01ED-40A5-BDA7-72EB1B467EDF}.Debug|ARM64.Build.0 = Debug|Any CPU
		{35C74EFE-01ED-40A5-BDA7-72EB1B467EDF}.Debug|x64.ActiveCfg = Debug|Any CPU
		{35C74EFE-01ED-40A5-BDA7-72EB1B467EDF}.Debug|x64.Build.0 = Debug|Any CPU
		{35C74EFE-01ED-40A5-BDA7-72EB1B467EDF}.Debug|x86.ActiveCfg = Debug|Any CPU
		{35C74EFE-01ED-40A5-BDA7-72EB1B467EDF}.Debug|x86.Build.0 = Debug|Any CPU
		{35C74EFE-01ED-40A5-BDA7-72EB1B467EDF}.Debug|Any CPU.ActiveCfg = Debug|Any CPU
		{35C74EFE-01ED-40A5-BDA7-72EB1B467EDF}.Debug|Any CPU.Build.0 = Debug|Any CPU
		{35C74EFE-01ED-40A5-BDA7-72EB1B467EDF}.Release|ARM64.ActiveCfg = Release|Any CPU
		{35C74EFE-01ED-40A5-BDA7-72EB1B467EDF}.Release|ARM64.Build.0 = Release|Any CPU
		{35C74EFE-01ED-40A5-BDA7-72EB1B467EDF}.Release|x64.ActiveCfg = Release|Any CPU
		{35C74EFE-01ED-40A5-BDA7-72EB1B467EDF}.Release|x64.Build.0 = Release|Any CPU
		{35C74EFE-01ED-40A5-BDA7-72EB1B467EDF}.Release|x86.ActiveCfg = Release|Any CPU
		{35C74EFE-01ED-40A5-BDA7-72EB1B467EDF}.Release|x86.Build.0 = Release|Any CPU
		{35C74EFE-01ED-40A5-BDA7-72EB1B467EDF}.Release|Any CPU.ActiveCfg = Release|Any CPU
		{35C74EFE-01ED-40A5-BDA7-72EB1B467EDF}.Release|Any CPU.Build.0 = Release|Any CPU
		{6515F6EF-BF8E-4A99-ABDD-E62FE983E551}.Debug|ARM64.ActiveCfg = Debug|Any CPU
		{6515F6EF-BF8E-4A99-ABDD-E62FE983E551}.Debug|ARM64.Build.0 = Debug|Any CPU
		{6515F6EF-BF8E-4A99-ABDD-E62FE983E551}.Debug|x64.ActiveCfg = Debug|Any CPU
		{6515F6EF-BF8E-4A99-ABDD-E62FE983E551}.Debug|x64.Build.0 = Debug|Any CPU
		{6515F6EF-BF8E-4A99-ABDD-E62FE983E551}.Debug|x86.ActiveCfg = Debug|Any CPU
		{6515F6EF-BF8E-4A99-ABDD-E62FE983E551}.Debug|x86.Build.0 = Debug|Any CPU
		{6515F6EF-BF8E-4A99-ABDD-E62FE983E551}.Debug|Any CPU.ActiveCfg = Debug|Any CPU
		{6515F6EF-BF8E-4A99-ABDD-E62FE983E551}.Debug|Any CPU.Build.0 = Debug|Any CPU
		{6515F6EF-BF8E-4A99-ABDD-E62FE983E551}.Release|ARM64.ActiveCfg = Release|Any CPU
		{6515F6EF-BF8E-4A99-ABDD-E62FE983E551}.Release|ARM64.Build.0 = Release|Any CPU
		{6515F6EF-BF8E-4A99-ABDD-E62FE983E551}.Release|x64.ActiveCfg = Release|Any CPU
		{6515F6EF-BF8E-4A99-ABDD-E62FE983E551}.Release|x64.Build.0 = Release|Any CPU
		{6515F6EF-BF8E-4A99-ABDD-E62FE983E551}.Release|x86.ActiveCfg = Release|Any CPU
		{6515F6EF-BF8E-4A99-ABDD-E62FE983E551}.Release|x86.Build.0 = Release|Any CPU
		{6515F6EF-BF8E-4A99-ABDD-E62FE983E551}.Release|Any CPU.ActiveCfg = Release|Any CPU
		{6515F6EF-BF8E-4A99-ABDD-E62FE983E551}.Release|Any CPU.Build.0 = Release|Any CPU
		{90827EEB-A2D5-4D9B-9CA6-622F08391F49}.Debug|ARM64.ActiveCfg = Debug|Any CPU
		{90827EEB-A2D5-4D9B-9CA6-622F08391F49}.Debug|ARM64.Build.0 = Debug|Any CPU
		{90827EEB-A2D5-4D9B-9CA6-622F08391F49}.Debug|x64.ActiveCfg = Debug|Any CPU
		{90827EEB-A2D5-4D9B-9CA6-622F08391F49}.Debug|x64.Build.0 = Debug|Any CPU
		{90827EEB-A2D5-4D9B-9CA6-622F08391F49}.Debug|x86.ActiveCfg = Debug|Any CPU
		{90827EEB-A2D5-4D9B-9CA6-622F08391F49}.Debug|x86.Build.0 = Debug|Any CPU
		{90827EEB-A2D5-4D9B-9CA6-622F08391F49}.Debug|Any CPU.ActiveCfg = Debug|Any CPU
		{90827EEB-A2D5-4D9B-9CA6-622F08391F49}.Debug|Any CPU.Build.0 = Debug|Any CPU
		{90827EEB-A2D5-4D9B-9CA6-622F08391F49}.Release|ARM64.ActiveCfg = Release|Any CPU
		{90827EEB-A2D5-4D9B-9CA6-622F08391F49}.Release|ARM64.Build.0 = Release|Any CPU
		{90827EEB-A2D5-4D9B-9CA6-622F08391F49}.Release|x64.ActiveCfg = Release|Any CPU
		{90827EEB-A2D5-4D9B-9CA6-622F08391F49}.Release|x64.Build.0 = Release|Any CPU
		{90827EEB-A2D5-4D9B-9CA6-622F08391F49}.Release|x86.ActiveCfg = Release|Any CPU
		{90827EEB-A2D5-4D9B-9CA6-622F08391F49}.Release|x86.Build.0 = Release|Any CPU
		{90827EEB-A2D5-4D9B-9CA6-622F08391F49}.Release|Any CPU.ActiveCfg = Release|Any CPU
		{90827EEB-A2D5-4D9B-9CA6-622F08391F49}.Release|Any CPU.Build.0 = Release|Any CPU
		{45CB75A1-8D58-4BC4-8C42-2FB730775685}.Debug|ARM64.ActiveCfg = Debug|Any CPU
		{45CB75A1-8D58-4BC4-8C42-2FB730775685}.Debug|ARM64.Build.0 = Debug|Any CPU
		{45CB75A1-8D58-4BC4-8C42-2FB730775685}.Debug|x64.ActiveCfg = Debug|Any CPU
		{45CB75A1-8D58-4BC4-8C42-2FB730775685}.Debug|x64.Build.0 = Debug|Any CPU
		{45CB75A1-8D58-4BC4-8C42-2FB730775685}.Debug|x86.ActiveCfg = Debug|Any CPU
		{45CB75A1-8D58-4BC4-8C42-2FB730775685}.Debug|x86.Build.0 = Debug|Any CPU
		{45CB75A1-8D58-4BC4-8C42-2FB730775685}.Debug|Any CPU.ActiveCfg = Debug|Any CPU
		{45CB75A1-8D58-4BC4-8C42-2FB730775685}.Debug|Any CPU.Build.0 = Debug|Any CPU
		{45CB75A1-8D58-4BC4-8C42-2FB730775685}.Release|ARM64.ActiveCfg = Release|Any CPU
		{45CB75A1-8D58-4BC4-8C42-2FB730775685}.Release|ARM64.Build.0 = Release|Any CPU
		{45CB75A1-8D58-4BC4-8C42-2FB730775685}.Release|x64.ActiveCfg = Release|Any CPU
		{45CB75A1-8D58-4BC4-8C42-2FB730775685}.Release|x64.Build.0 = Release|Any CPU
		{45CB75A1-8D58-4BC4-8C42-2FB730775685}.Release|x86.ActiveCfg = Release|Any CPU
		{45CB75A1-8D58-4BC4-8C42-2FB730775685}.Release|x86.Build.0 = Release|Any CPU
		{45CB75A1-8D58-4BC4-8C42-2FB730775685}.Release|Any CPU.ActiveCfg = Release|Any CPU
		{45CB75A1-8D58-4BC4-8C42-2FB730775685}.Release|Any CPU.Build.0 = Release|Any CPU
		{420C9B22-77EA-41D8-AAF5-3831F2D6B1C7}.Debug|ARM64.ActiveCfg = Debug|Any CPU
		{420C9B22-77EA-41D8-AAF5-3831F2D6B1C7}.Debug|ARM64.Build.0 = Debug|Any CPU
		{420C9B22-77EA-41D8-AAF5-3831F2D6B1C7}.Debug|x64.ActiveCfg = Debug|Any CPU
		{420C9B22-77EA-41D8-AAF5-3831F2D6B1C7}.Debug|x64.Build.0 = Debug|Any CPU
		{420C9B22-77EA-41D8-AAF5-3831F2D6B1C7}.Debug|x86.ActiveCfg = Debug|Any CPU
		{420C9B22-77EA-41D8-AAF5-3831F2D6B1C7}.Debug|x86.Build.0 = Debug|Any CPU
		{420C9B22-77EA-41D8-AAF5-3831F2D6B1C7}.Debug|Any CPU.ActiveCfg = Debug|Any CPU
		{420C9B22-77EA-41D8-AAF5-3831F2D6B1C7}.Debug|Any CPU.Build.0 = Debug|Any CPU
		{420C9B22-77EA-41D8-AAF5-3831F2D6B1C7}.Release|ARM64.ActiveCfg = Release|Any CPU
		{420C9B22-77EA-41D8-AAF5-3831F2D6B1C7}.Release|ARM64.Build.0 = Release|Any CPU
		{420C9B22-77EA-41D8-AAF5-3831F2D6B1C7}.Release|x64.ActiveCfg = Release|Any CPU
		{420C9B22-77EA-41D8-AAF5-3831F2D6B1C7}.Release|x64.Build.0 = Release|Any CPU
		{420C9B22-77EA-41D8-AAF5-3831F2D6B1C7}.Release|x86.ActiveCfg = Release|Any CPU
		{420C9B22-77EA-41D8-AAF5-3831F2D6B1C7}.Release|x86.Build.0 = Release|Any CPU
		{420C9B22-77EA-41D8-AAF5-3831F2D6B1C7}.Release|Any CPU.ActiveCfg = Release|Any CPU
		{420C9B22-77EA-41D8-AAF5-3831F2D6B1C7}.Release|Any CPU.Build.0 = Release|Any CPU
		{2AEB39FD-ACCA-4257-87CD-6E7BF95BACAA}.Debug|ARM64.ActiveCfg = Debug|Any CPU
		{2AEB39FD-ACCA-4257-87CD-6E7BF95BACAA}.Debug|ARM64.Build.0 = Debug|Any CPU
		{2AEB39FD-ACCA-4257-87CD-6E7BF95BACAA}.Debug|x64.ActiveCfg = Debug|Any CPU
		{2AEB39FD-ACCA-4257-87CD-6E7BF95BACAA}.Debug|x64.Build.0 = Debug|Any CPU
		{2AEB39FD-ACCA-4257-87CD-6E7BF95BACAA}.Debug|x86.ActiveCfg = Debug|Any CPU
		{2AEB39FD-ACCA-4257-87CD-6E7BF95BACAA}.Debug|x86.Build.0 = Debug|Any CPU
		{2AEB39FD-ACCA-4257-87CD-6E7BF95BACAA}.Debug|Any CPU.ActiveCfg = Debug|Any CPU
		{2AEB39FD-ACCA-4257-87CD-6E7BF95BACAA}.Debug|Any CPU.Build.0 = Debug|Any CPU
		{2AEB39FD-ACCA-4257-87CD-6E7BF95BACAA}.Release|ARM64.ActiveCfg = Release|Any CPU
		{2AEB39FD-ACCA-4257-87CD-6E7BF95BACAA}.Release|ARM64.Build.0 = Release|Any CPU
		{2AEB39FD-ACCA-4257-87CD-6E7BF95BACAA}.Release|x64.ActiveCfg = Release|Any CPU
		{2AEB39FD-ACCA-4257-87CD-6E7BF95BACAA}.Release|x64.Build.0 = Release|Any CPU
		{2AEB39FD-ACCA-4257-87CD-6E7BF95BACAA}.Release|x86.ActiveCfg = Release|Any CPU
		{2AEB39FD-ACCA-4257-87CD-6E7BF95BACAA}.Release|x86.Build.0 = Release|Any CPU
		{2AEB39FD-ACCA-4257-87CD-6E7BF95BACAA}.Release|Any CPU.ActiveCfg = Release|Any CPU
		{2AEB39FD-ACCA-4257-87CD-6E7BF95BACAA}.Release|Any CPU.Build.0 = Release|Any CPU
		{91464A54-21CB-4033-A702-D85488122A7B}.Debug|ARM64.ActiveCfg = Debug|Any CPU
		{91464A54-21CB-4033-A702-D85488122A7B}.Debug|ARM64.Build.0 = Debug|Any CPU
		{91464A54-21CB-4033-A702-D85488122A7B}.Debug|x64.ActiveCfg = Debug|Any CPU
		{91464A54-21CB-4033-A702-D85488122A7B}.Debug|x64.Build.0 = Debug|Any CPU
		{91464A54-21CB-4033-A702-D85488122A7B}.Debug|x86.ActiveCfg = Debug|Any CPU
		{91464A54-21CB-4033-A702-D85488122A7B}.Debug|x86.Build.0 = Debug|Any CPU
		{91464A54-21CB-4033-A702-D85488122A7B}.Debug|Any CPU.ActiveCfg = Debug|Any CPU
		{91464A54-21CB-4033-A702-D85488122A7B}.Debug|Any CPU.Build.0 = Debug|Any CPU
		{91464A54-21CB-4033-A702-D85488122A7B}.Release|ARM64.ActiveCfg = Release|Any CPU
		{91464A54-21CB-4033-A702-D85488122A7B}.Release|ARM64.Build.0 = Release|Any CPU
		{91464A54-21CB-4033-A702-D85488122A7B}.Release|x64.ActiveCfg = Release|Any CPU
		{91464A54-21CB-4033-A702-D85488122A7B}.Release|x64.Build.0 = Release|Any CPU
		{91464A54-21CB-4033-A702-D85488122A7B}.Release|x86.ActiveCfg = Release|Any CPU
		{91464A54-21CB-4033-A702-D85488122A7B}.Release|x86.Build.0 = Release|Any CPU
		{91464A54-21CB-4033-A702-D85488122A7B}.Release|Any CPU.ActiveCfg = Release|Any CPU
		{91464A54-21CB-4033-A702-D85488122A7B}.Release|Any CPU.Build.0 = Release|Any CPU
		{53260AD4-75E3-4B97-9CAB-CE27C2FCA094}.Debug|ARM64.ActiveCfg = Debug|Any CPU
		{53260AD4-75E3-4B97-9CAB-CE27C2FCA094}.Debug|ARM64.Build.0 = Debug|Any CPU
		{53260AD4-75E3-4B97-9CAB-CE27C2FCA094}.Debug|x64.ActiveCfg = Debug|Any CPU
		{53260AD4-75E3-4B97-9CAB-CE27C2FCA094}.Debug|x64.Build.0 = Debug|Any CPU
		{53260AD4-75E3-4B97-9CAB-CE27C2FCA094}.Debug|x86.ActiveCfg = Debug|Any CPU
		{53260AD4-75E3-4B97-9CAB-CE27C2FCA094}.Debug|x86.Build.0 = Debug|Any CPU
		{53260AD4-75E3-4B97-9CAB-CE27C2FCA094}.Debug|Any CPU.ActiveCfg = Debug|Any CPU
		{53260AD4-75E3-4B97-9CAB-CE27C2FCA094}.Debug|Any CPU.Build.0 = Debug|Any CPU
		{53260AD4-75E3-4B97-9CAB-CE27C2FCA094}.Release|ARM64.ActiveCfg = Release|Any CPU
		{53260AD4-75E3-4B97-9CAB-CE27C2FCA094}.Release|ARM64.Build.0 = Release|Any CPU
		{53260AD4-75E3-4B97-9CAB-CE27C2FCA094}.Release|x64.ActiveCfg = Release|Any CPU
		{53260AD4-75E3-4B97-9CAB-CE27C2FCA094}.Release|x64.Build.0 = Release|Any CPU
		{53260AD4-75E3-4B97-9CAB-CE27C2FCA094}.Release|x86.ActiveCfg = Release|Any CPU
		{53260AD4-75E3-4B97-9CAB-CE27C2FCA094}.Release|x86.Build.0 = Release|Any CPU
		{53260AD4-75E3-4B97-9CAB-CE27C2FCA094}.Release|Any CPU.ActiveCfg = Release|Any CPU
		{53260AD4-75E3-4B97-9CAB-CE27C2FCA094}.Release|Any CPU.Build.0 = Release|Any CPU
	EndGlobalSection
	GlobalSection(SolutionProperties) = preSolution
		HideSolutionNode = FALSE
	EndGlobalSection
	GlobalSection(NestedProjects) = preSolution
		{35C74EFE-01ED-40A5-BDA7-72EB1B467EDF} = {827E0CD3-B72D-47B6-A68D-7590B98EB39B}
		{6515F6EF-BF8E-4A99-ABDD-E62FE983E551} = {827E0CD3-B72D-47B6-A68D-7590B98EB39B}
		{90827EEB-A2D5-4D9B-9CA6-622F08391F49} = {827E0CD3-B72D-47B6-A68D-7590B98EB39B}
		{45CB75A1-8D58-4BC4-8C42-2FB730775685} = {827E0CD3-B72D-47B6-A68D-7590B98EB39B}
		{420C9B22-77EA-41D8-AAF5-3831F2D6B1C7} = {0AB3BF05-4346-4AA6-1389-037BE0695223}
		{2AEB39FD-ACCA-4257-87CD-6E7BF95BACAA} = {0AB3BF05-4346-4AA6-1389-037BE0695223}
		{91464A54-21CB-4033-A702-D85488122A7B} = {827E0CD3-B72D-47B6-A68D-7590B98EB39B}
		{53260AD4-75E3-4B97-9CAB-CE27C2FCA094} = {0AB3BF05-4346-4AA6-1389-037BE0695223}
	EndGlobalSection
	GlobalSection(ExtensibilityGlobals) = postSolution
		SolutionGuid = {9D9BA60E-FB13-4054-B0E3-B801F078258D}
	EndGlobalSection
EndGlobal
